// !$*UTF8*$!
{
	archiveVersion = 1;
	classes = {
	};
	objectVersion = 56;
	objects = {

/* Begin PBXBuildFile section */
		F349F77D2CB50358006E369D /* AppDelegate.swift in Sources */ = {isa = PBXBuildFile; fileRef = F349F77C2CB50358006E369D /* AppDelegate.swift */; };
		F349F77F2CB50358006E369D /* SceneDelegate.swift in Sources */ = {isa = PBXBuildFile; fileRef = F349F77E2CB50358006E369D /* SceneDelegate.swift */; };
		F349F7812CB50358006E369D /* ViewController.swift in Sources */ = {isa = PBXBuildFile; fileRef = F349F7802CB50358006E369D /* ViewController.swift */; };
		F349F7842CB50358006E369D /* Base in Resources */ = {isa = PBXBuildFile; fileRef = F349F7832CB50358006E369D /* Base */; };
		F349F7862CB50359006E369D /* Assets.xcassets in Resources */ = {isa = PBXBuildFile; fileRef = F349F7852CB50359006E369D /* Assets.xcassets */; };
		F349F7892CB50359006E369D /* Base in Resources */ = {isa = PBXBuildFile; fileRef = F349F7882CB50359006E369D /* Base */; };
		F349F7912CB50664006E369D /* ViewController_v1.swift in Sources */ = {isa = PBXBuildFile; fileRef = F349F7902CB50664006E369D /* ViewController_v1.swift */; };
		F349F7932CB5073A006E369D /* ViewController_v2.swift in Sources */ = {isa = PBXBuildFile; fileRef = F349F7922CB5073A006E369D /* ViewController_v2.swift */; };
		F349F7952CB50866006E369D /* ViewController_v3.swift in Sources */ = {isa = PBXBuildFile; fileRef = F349F7942CB50866006E369D /* ViewController_v3.swift */; };
		F349F7972CB514C2006E369D /* ViewController_v4_good.swift in Sources */ = {isa = PBXBuildFile; fileRef = F349F7962CB514C2006E369D /* ViewController_v4_good.swift */; };
		F350D2A42CB681E200499163 /* Readme.md in Resources */ = {isa = PBXBuildFile; fileRef = F350D2A32CB681E200499163 /* Readme.md */; };
/* End PBXBuildFile section */

/* Begin PBXFileReference section */
		F349F7792CB50358006E369D /* jjQRcode.app */ = {isa = PBXFileReference; explicitFileType = wrapper.application; includeInIndex = 0; path = jjQRcode.app; sourceTree = BUILT_PRODUCTS_DIR; };
		F349F77C2CB50358006E369D /* AppDelegate.swift */ = {isa = PBXFileReference; lastKnownFileType = sourcecode.swift; path = AppDelegate.swift; sourceTree = "<group>"; };
		F349F77E2CB50358006E369D /* SceneDelegate.swift */ = {isa = PBXFileReference; lastKnownFileType = sourcecode.swift; path = SceneDelegate.swift; sourceTree = "<group>"; };
		F349F7802CB50358006E369D /* ViewController.swift */ = {isa = PBXFileReference; lastKnownFileType = sourcecode.swift; path = ViewController.swift; sourceTree = "<group>"; };
		F349F7832CB50358006E369D /* Base */ = {isa = PBXFileReference; lastKnownFileType = file.storyboard; name = Base; path = Base.lproj/Main.storyboard; sourceTree = "<group>"; };
		F349F7852CB50359006E369D /* Assets.xcassets */ = {isa = PBXFileReference; lastKnownFileType = folder.assetcatalog; path = Assets.xcassets; sourceTree = "<group>"; };
		F349F7882CB50359006E369D /* Base */ = {isa = PBXFileReference; lastKnownFileType = file.storyboard; name = Base; path = Base.lproj/LaunchScreen.storyboard; sourceTree = "<group>"; };
		F349F78A2CB50359006E369D /* Info.plist */ = {isa = PBXFileReference; lastKnownFileType = text.plist.xml; path = Info.plist; sourceTree = "<group>"; };
		F349F7902CB50664006E369D /* ViewController_v1.swift */ = {isa = PBXFileReference; lastKnownFileType = sourcecode.swift; path = ViewController_v1.swift; sourceTree = "<group>"; };
		F349F7922CB5073A006E369D /* ViewController_v2.swift */ = {isa = PBXFileReference; lastKnownFileType = sourcecode.swift; path = ViewController_v2.swift; sourceTree = "<group>"; };
		F349F7942CB50866006E369D /* ViewController_v3.swift */ = {isa = PBXFileReference; lastKnownFileType = sourcecode.swift; path = ViewController_v3.swift; sourceTree = "<group>"; };
		F349F7962CB514C2006E369D /* ViewController_v4_good.swift */ = {isa = PBXFileReference; lastKnownFileType = sourcecode.swift; path = ViewController_v4_good.swift; sourceTree = "<group>"; };
		F350D2A32CB681E200499163 /* Readme.md */ = {isa = PBXFileReference; lastKnownFileType = net.daringfireball.markdown; path = Readme.md; sourceTree = "<group>"; };
/* End PBXFileReference section */

/* Begin PBXFrameworksBuildPhase section */
		F349F7762CB50358006E369D /* Frameworks */ = {
			isa = PBXFrameworksBuildPhase;
			buildActionMask = 2147483647;
			files = (
			);
			runOnlyForDeploymentPostprocessing = 0;
		};
/* End PBXFrameworksBuildPhase section */

/* Begin PBXGroup section */
		F349F7702CB50358006E369D = {
			isa = PBXGroup;
			children = (
				F349F77B2CB50358006E369D /* jjQRcode */,
				F349F77A2CB50358006E369D /* Products */,
			);
			sourceTree = "<group>";
		};
		F349F77A2CB50358006E369D /* Products */ = {
			isa = PBXGroup;
			children = (
				F349F7792CB50358006E369D /* jjQRcode.app */,
			);
			name = Products;
			sourceTree = "<group>";
		};
		F349F77B2CB50358006E369D /* jjQRcode */ = {
			isa = PBXGroup;
			children = (
				F349F77C2CB50358006E369D /* AppDelegate.swift */,
				F349F77E2CB50358006E369D /* SceneDelegate.swift */,
				F349F7802CB50358006E369D /* ViewController.swift */,
				F350D2A22CB6803C00499163 /* test */,
				F349F7822CB50358006E369D /* Main.storyboard */,
				F349F7852CB50359006E369D /* Assets.xcassets */,
				F349F7872CB50359006E369D /* LaunchScreen.storyboard */,
				F349F78A2CB50359006E369D /* Info.plist */,
				F350D2A32CB681E200499163 /* Readme.md */,
			);
			path = jjQRcode;
			sourceTree = "<group>";
		};
		F350D2A22CB6803C00499163 /* test */ = {
			isa = PBXGroup;
			children = (
				F349F7962CB514C2006E369D /* ViewController_v4_good.swift */,
				F349F7942CB50866006E369D /* ViewController_v3.swift */,
				F349F7922CB5073A006E369D /* ViewController_v2.swift */,
				F349F7902CB50664006E369D /* ViewController_v1.swift */,
			);
			path = test;
			sourceTree = "<group>";
		};
/* End PBXGroup section */

/* Begin PBXNativeTarget section */
		F349F7782CB50358006E369D /* jjQRcode */ = {
			isa = PBXNativeTarget;
			buildConfigurationList = F349F78D2CB50359006E369D /* Build configuration list for PBXNativeTarget "jjQRcode" */;
			buildPhases = (
				F349F7752CB50358006E369D /* Sources */,
				F349F7762CB50358006E369D /* Frameworks */,
				F349F7772CB50358006E369D /* Resources */,
			);
			buildRules = (
			);
			dependencies = (
			);
			name = jjQRcode;
			productName = jjQRcode;
			productReference = F349F7792CB50358006E369D /* jjQRcode.app */;
			productType = "com.apple.product-type.application";
		};
/* End PBXNativeTarget section */

/* Begin PBXProject section */
		F349F7712CB50358006E369D /* Project object */ = {
			isa = PBXProject;
			attributes = {
				BuildIndependentTargetsInParallel = 1;
				LastSwiftUpdateCheck = 1540;
				LastUpgradeCheck = 1540;
				TargetAttributes = {
					F349F7782CB50358006E369D = {
						CreatedOnToolsVersion = 15.4;
					};
				};
			};
			buildConfigurationList = F349F7742CB50358006E369D /* Build configuration list for PBXProject "jjQRcode" */;
			compatibilityVersion = "Xcode 14.0";
			developmentRegion = en;
			hasScannedForEncodings = 0;
			knownRegions = (
				en,
				Base,
			);
			mainGroup = F349F7702CB50358006E369D;
			productRefGroup = F349F77A2CB50358006E369D /* Products */;
			projectDirPath = "";
			projectRoot = "";
			targets = (
				F349F7782CB50358006E369D /* jjQRcode */,
			);
		};
/* End PBXProject section */

/* Begin PBXResourcesBuildPhase section */
		F349F7772CB50358006E369D /* Resources */ = {
			isa = PBXResourcesBuildPhase;
			buildActionMask = 2147483647;
			files = (
				F349F7862CB50359006E369D /* Assets.xcassets in Resources */,
				F349F7892CB50359006E369D /* Base in Resources */,
				F350D2A42CB681E200499163 /* Readme.md in Resources */,
				F349F7842CB50358006E369D /* Base in Resources */,
			);
			runOnlyForDeploymentPostprocessing = 0;
		};
/* End PBXResourcesBuildPhase section */

/* Begin PBXSourcesBuildPhase section */
		F349F7752CB50358006E369D /* Sources */ = {
			isa = PBXSourcesBuildPhase;
			buildActionMask = 2147483647;
			files = (
				F349F7812CB50358006E369D /* ViewController.swift in Sources */,
				F349F7952CB50866006E369D /* ViewController_v3.swift in Sources */,
				F349F77D2CB50358006E369D /* AppDelegate.swift in Sources */,
				F349F7972CB514C2006E369D /* ViewController_v4_good.swift in Sources */,
				F349F7932CB5073A006E369D /* ViewController_v2.swift in Sources */,
				F349F77F2CB50358006E369D /* SceneDelegate.swift in Sources */,
				F349F7912CB50664006E369D /* ViewController_v1.swift in Sources */,
			);
			runOnlyForDeploymentPostprocessing = 0;
		};
/* End PBXSourcesBuildPhase section */

/* Begin PBXVariantGroup section */
		F349F7822CB50358006E369D /* Main.storyboard */ = {
			isa = PBXVariantGroup;
			children = (
				F349F7832CB50358006E369D /* Base */,
			);
			name = Main.storyboard;
			sourceTree = "<group>";
		};
		F349F7872CB50359006E369D /* LaunchScreen.storyboard */ = {
			isa = PBXVariantGroup;
			children = (
				F349F7882CB50359006E369D /* Base */,
			);
			name = LaunchScreen.storyboard;
			sourceTree = "<group>";
		};
/* End PBXVariantGroup section */

/* Begin XCBuildConfiguration section */
		F349F78B2CB50359006E369D /* Debug */ = {
			isa = XCBuildConfiguration;
			buildSettings = {
				ALWAYS_SEARCH_USER_PATHS = NO;
				ASSETCATALOG_COMPILER_GENERATE_SWIFT_ASSET_SYMBOL_EXTENSIONS = YES;
				CLANG_ANALYZER_NONNULL = YES;
				CLANG_ANALYZER_NUMBER_OBJECT_CONVERSION = YES_AGGRESSIVE;
				CLANG_CXX_LANGUAGE_STANDARD = "gnu++20";
				CLANG_ENABLE_MODULES = YES;
				CLANG_ENABLE_OBJC_ARC = YES;
				CLANG_ENABLE_OBJC_WEAK = YES;
				CLANG_WARN_BLOCK_CAPTURE_AUTORELEASING = YES;
				CLANG_WARN_BOOL_CONVERSION = YES;
				CLANG_WARN_COMMA = YES;
				CLANG_WARN_CONSTANT_CONVERSION = YES;
				CLANG_WARN_DEPRECATED_OBJC_IMPLEMENTATIONS = YES;
				CLANG_WARN_DIRECT_OBJC_ISA_USAGE = YES_ERROR;
				CLANG_WARN_DOCUMENTATION_COMMENTS = YES;
				CLANG_WARN_EMPTY_BODY = YES;
				CLANG_WARN_ENUM_CONVERSION = YES;
				CLANG_WARN_INFINITE_RECURSION = YES;
				CLANG_WARN_INT_CONVERSION = YES;
				CLANG_WARN_NON_LITERAL_NULL_CONVERSION = YES;
				CLANG_WARN_OBJC_IMPLICIT_RETAIN_SELF = YES;
				CLANG_WARN_OBJC_LITERAL_CONVERSION = YES;
				CLANG_WARN_OBJC_ROOT_CLASS = YES_ERROR;
				CLANG_WARN_QUOTED_INCLUDE_IN_FRAMEWORK_HEADER = YES;
				CLANG_WARN_RANGE_LOOP_ANALYSIS = YES;
				CLANG_WARN_STRICT_PROTOTYPES = YES;
				CLANG_WARN_SUSPICIOUS_MOVE = YES;
				CLANG_WARN_UNGUARDED_AVAILABILITY = YES_AGGRESSIVE;
				CLANG_WARN_UNREACHABLE_CODE = YES;
				CLANG_WARN__DUPLICATE_METHOD_MATCH = YES;
				COPY_PHASE_STRIP = NO;
				DEBUG_INFORMATION_FORMAT = dwarf;
				ENABLE_STRICT_OBJC_MSGSEND = YES;
				ENABLE_TESTABILITY = YES;
				ENABLE_USER_SCRIPT_SANDBOXING = YES;
				GCC_C_LANGUAGE_STANDARD = gnu17;
				GCC_DYNAMIC_NO_PIC = NO;
				GCC_NO_COMMON_BLOCKS = YES;
				GCC_OPTIMIZATION_LEVEL = 0;
				GCC_PREPROCESSOR_DEFINITIONS = (
					"DEBUG=1",
					"$(inherited)",
				);
				GCC_WARN_64_TO_32_BIT_CONVERSION = YES;
				GCC_WARN_ABOUT_RETURN_TYPE = YES_ERROR;
				GCC_WARN_UNDECLARED_SELECTOR = YES;
				GCC_WARN_UNINITIALIZED_AUTOS = YES_AGGRESSIVE;
				GCC_WARN_UNUSED_FUNCTION = YES;
				GCC_WARN_UNUSED_VARIABLE = YES;
				IPHONEOS_DEPLOYMENT_TARGET = 17.5;
				LOCALIZATION_PREFERS_STRING_CATALOGS = YES;
				MTL_ENABLE_DEBUG_INFO = INCLUDE_SOURCE;
				MTL_FAST_MATH = YES;
				ONLY_ACTIVE_ARCH = YES;
				SDKROOT = iphoneos;
				SWIFT_ACTIVE_COMPILATION_CONDITIONS = "DEBUG $(inherited)";
				SWIFT_OPTIMIZATION_LEVEL = "-Onone";
			};
			name = Debug;
		};
		F349F78C2CB50359006E369D /* Release */ = {
			isa = XCBuildConfiguration;
			buildSettings = {
				ALWAYS_SEARCH_USER_PATHS = NO;
				ASSETCATALOG_COMPILER_GENERATE_SWIFT_ASSET_SYMBOL_EXTENSIONS = YES;
				CLANG_ANALYZER_NONNULL = YES;
				CLANG_ANALYZER_NUMBER_OBJECT_CONVERSION = YES_AGGRESSIVE;
				CLANG_CXX_LANGUAGE_STANDARD = "gnu++20";
				CLANG_ENABLE_MODULES = YES;
				CLANG_ENABLE_OBJC_ARC = YES;
				CLANG_ENABLE_OBJC_WEAK = YES;
				CLANG_WARN_BLOCK_CAPTURE_AUTORELEASING = YES;
				CLANG_WARN_BOOL_CONVERSION = YES;
				CLANG_WARN_COMMA = YES;
				CLANG_WARN_CONSTANT_CONVERSION = YES;
				CLANG_WARN_DEPRECATED_OBJC_IMPLEMENTATIONS = YES;
				CLANG_WARN_DIRECT_OBJC_ISA_USAGE = YES_ERROR;
				CLANG_WARN_DOCUMENTATION_COMMENTS = YES;
				CLANG_WARN_EMPTY_BODY = YES;
				CLANG_WARN_ENUM_CONVERSION = YES;
				CLANG_WARN_INFINITE_RECURSION = YES;
				CLANG_WARN_INT_CONVERSION = YES;
				CLANG_WARN_NON_LITERAL_NULL_CONVERSION = YES;
				CLANG_WARN_OBJC_IMPLICIT_RETAIN_SELF = YES;
				CLANG_WARN_OBJC_LITERAL_CONVERSION = YES;
				CLANG_WARN_OBJC_ROOT_CLASS = YES_ERROR;
				CLANG_WARN_QUOTED_INCLUDE_IN_FRAMEWORK_HEADER = YES;
				CLANG_WARN_RANGE_LOOP_ANALYSIS = YES;
				CLANG_WARN_STRICT_PROTOTYPES = YES;
				CLANG_WARN_SUSPICIOUS_MOVE = YES;
				CLANG_WARN_UNGUARDED_AVAILABILITY = YES_AGGRESSIVE;
				CLANG_WARN_UNREACHABLE_CODE = YES;
				CLANG_WARN__DUPLICATE_METHOD_MATCH = YES;
				COPY_PHASE_STRIP = NO;
				DEBUG_INFORMATION_FORMAT = "dwarf-with-dsym";
				ENABLE_NS_ASSERTIONS = NO;
				ENABLE_STRICT_OBJC_MSGSEND = YES;
				ENABLE_USER_SCRIPT_SANDBOXING = YES;
				GCC_C_LANGUAGE_STANDARD = gnu17;
				GCC_NO_COMMON_BLOCKS = YES;
				GCC_WARN_64_TO_32_BIT_CONVERSION = YES;
				GCC_WARN_ABOUT_RETURN_TYPE = YES_ERROR;
				GCC_WARN_UNDECLARED_SELECTOR = YES;
				GCC_WARN_UNINITIALIZED_AUTOS = YES_AGGRESSIVE;
				GCC_WARN_UNUSED_FUNCTION = YES;
				GCC_WARN_UNUSED_VARIABLE = YES;
				IPHONEOS_DEPLOYMENT_TARGET = 17.5;
				LOCALIZATION_PREFERS_STRING_CATALOGS = YES;
				MTL_ENABLE_DEBUG_INFO = NO;
				MTL_FAST_MATH = YES;
				SDKROOT = iphoneos;
				SWIFT_COMPILATION_MODE = wholemodule;
				VALIDATE_PRODUCT = YES;
			};
			name = Release;
		};
		F349F78E2CB50359006E369D /* Debug */ = {
			isa = XCBuildConfiguration;
			buildSettings = {
				ASSETCATALOG_COMPILER_APPICON_NAME = AppIcon;
				ASSETCATALOG_COMPILER_GLOBAL_ACCENT_COLOR_NAME = AccentColor;
				CODE_SIGN_STYLE = Automatic;
				CURRENT_PROJECT_VERSION = 1;
				DEVELOPMENT_TEAM = 3266J6665X;
				GENERATE_INFOPLIST_FILE = YES;
				INFOPLIST_FILE = jjQRcode/Info.plist;
				INFOPLIST_KEY_UIApplicationSupportsIndirectInputEvents = YES;
				INFOPLIST_KEY_UILaunchStoryboardName = LaunchScreen;
				INFOPLIST_KEY_UIMainStoryboardFile = Main;
				INFOPLIST_KEY_UISupportedInterfaceOrientations_iPad = "UIInterfaceOrientationPortrait UIInterfaceOrientationPortraitUpsideDown UIInterfaceOrientationLandscapeLeft UIInterfaceOrientationLandscapeRight";
				INFOPLIST_KEY_UISupportedInterfaceOrientations_iPhone = "UIInterfaceOrientationPortrait UIInterfaceOrientationLandscapeLeft UIInterfaceOrientationLandscapeRight";
				LD_RUNPATH_SEARCH_PATHS = (
					"$(inherited)",
					"@executable_path/Frameworks",
				);
				MARKETING_VERSION = 1.0;
				PRODUCT_BUNDLE_IDENTIFIER = com.jasonhung.jjQRcode;
				PRODUCT_NAME = "$(TARGET_NAME)";
				SWIFT_EMIT_LOC_STRINGS = YES;
				SWIFT_VERSION = 5.0;
				TARGETED_DEVICE_FAMILY = "1,2";
			};
			name = Debug;
		};
		F349F78F2CB50359006E369D /* Release */ = {
			isa = XCBuildConfiguration;
			buildSettings = {
				ASSETCATALOG_COMPILER_APPICON_NAME = AppIcon;
				ASSETCATALOG_COMPILER_GLOBAL_ACCENT_COLOR_NAME = AccentColor;
				CODE_SIGN_STYLE = Automatic;
				CURRENT_PROJECT_VERSION = 1;
				DEVELOPMENT_TEAM = 3266J6665X;
				GENERATE_INFOPLIST_FILE = YES;
				INFOPLIST_FILE = jjQRcode/Info.plist;
				INFOPLIST_KEY_UIApplicationSupportsIndirectInputEvents = YES;
				INFOPLIST_KEY_UILaunchStoryboardName = LaunchScreen;
				INFOPLIST_KEY_UIMainStoryboardFile = Main;
				INFOPLIST_KEY_UISupportedInterfaceOrientations_iPad = "UIInterfaceOrientationPortrait UIInterfaceOrientationPortraitUpsideDown UIInterfaceOrientationLandscapeLeft UIInterfaceOrientationLandscapeRight";
				INFOPLIST_KEY_UISupportedInterfaceOrientations_iPhone = "UIInterfaceOrientationPortrait UIInterfaceOrientationLandscapeLeft UIInterfaceOrientationLandscapeRight";
				LD_RUNPATH_SEARCH_PATHS = (
					"$(inherited)",
					"@executable_path/Frameworks",
				);
				MARKETING_VERSION = 1.0;
				PRODUCT_BUNDLE_IDENTIFIER = com.jasonhung.jjQRcode;
				PRODUCT_NAME = "$(TARGET_NAME)";
				SWIFT_EMIT_LOC_STRINGS = YES;
				SWIFT_VERSION = 5.0;
				TARGETED_DEVICE_FAMILY = "1,2";
			};
			name = Release;
		};
/* End XCBuildConfiguration section */

/* Begin XCConfigurationList section */
		F349F7742CB50358006E369D /* Build configuration list for PBXProject "jjQRcode" */ = {
			isa = XCConfigurationList;
			buildConfigurations = (
				F349F78B2CB50359006E369D /* Debug */,
				F349F78C2CB50359006E369D /* Release */,
			);
			defaultConfigurationIsVisible = 0;
			defaultConfigurationName = Release;
		};
		F349F78D2CB50359006E369D /* Build configuration list for PBXNativeTarget "jjQRcode" */ = {
			isa = XCConfigurationList;
			buildConfigurations = (
				F349F78E2CB50359006E369D /* Debug */,
				F349F78F2CB50359006E369D /* Release */,
			);
			defaultConfigurationIsVisible = 0;
			defaultConfigurationName = Release;
		};
/* End XCConfigurationList section */
	};
	rootObject = F349F7712CB50358006E369D /* Project object */;
}
